// !$*UTF8*$!
{
	archiveVersion = 1;
	classes = {
	};
	objectVersion = 46;
	objects = {

/* Begin PBXBuildFile section */
		947EC4F11A6C115E000354F3 /* main.m in Sources */ = {isa = PBXBuildFile; fileRef = 947EC4F01A6C115E000354F3 /* main.m */; };
		947EC4F41A6C115E000354F3 /* AppDelegate.m in Sources */ = {isa = PBXBuildFile; fileRef = 947EC4F31A6C115E000354F3 /* AppDelegate.m */; };
		947EC4F71A6C115E000354F3 /* ViewController.m in Sources */ = {isa = PBXBuildFile; fileRef = 947EC4F61A6C115E000354F3 /* ViewController.m */; };
		947EC4FA1A6C115E000354F3 /* Main.storyboard in Resources */ = {isa = PBXBuildFile; fileRef = 947EC4F81A6C115E000354F3 /* Main.storyboard */; };
		947EC4FC1A6C115E000354F3 /* Images.xcassets in Resources */ = {isa = PBXBuildFile; fileRef = 947EC4FB1A6C115E000354F3 /* Images.xcassets */; };
		947EC4FF1A6C115E000354F3 /* LaunchScreen.xib in Resources */ = {isa = PBXBuildFile; fileRef = 947EC4FD1A6C115E000354F3 /* LaunchScreen.xib */; };
		947EC50B1A6C115E000354F3 /* QuizTests.m in Sources */ = {isa = PBXBuildFile; fileRef = 947EC50A1A6C115E000354F3 /* QuizTests.m */; };
		947EC5171A6C115E000354F3 /* BNRViewController.m in Sources */ = {isa = PBXBuildFile; fileRef = 947EC5151A6C115E000354F3 /* BNRViewController.m */; };
		947EC5181A6C115E000354F3 /* BNRViewController.xib in Resources */ = {isa = PBXBuildFile; fileRef = 947EC5161A6C115E000354F3 /* BNRViewController.xib */; };
/* End PBXBuildFile section */

/* Begin PBXContainerItemProxy section */
		947EC5051A6C115E000354F3 /* PBXContainerItemProxy */ = {
			isa = PBXContainerItemProxy;
			containerPortal = 947EC4E31A6C115E000354F3 /* Project object */;
			proxyType = 1;
			remoteGlobalIDString = 947EC4EA1A6C115E000354F3;
			remoteInfo = Quiz;
		};
/* End PBXContainerItemProxy section */

/* Begin PBXFileReference section */
		947EC4EB1A6C115E000354F3 /* Quiz.app */ = {isa = PBXFileReference; explicitFileType = wrapper.application; includeInIndex = 0; path = Quiz.app; sourceTree = BUILT_PRODUCTS_DIR; };
		947EC4EF1A6C115E000354F3 /* Info.plist */ = {isa = PBXFileReference; lastKnownFileType = text.plist.xml; path = Info.plist; sourceTree = "<group>"; };
		947EC4F01A6C115E000354F3 /* main.m */ = {isa = PBXFileReference; lastKnownFileType = sourcecode.c.objc; path = main.m; sourceTree = "<group>"; };
		947EC4F21A6C115E000354F3 /* AppDelegate.h */ = {isa = PBXFileReference; lastKnownFileType = sourcecode.c.h; path = AppDelegate.h; sourceTree = "<group>"; };
		947EC4F31A6C115E000354F3 /* AppDelegate.m */ = {isa = PBXFileReference; lastKnownFileType = sourcecode.c.objc; path = AppDelegate.m; sourceTree = "<group>"; };
		947EC4F51A6C115E000354F3 /* ViewController.h */ = {isa = PBXFileReference; lastKnownFileType = sourcecode.c.h; path = ViewController.h; sourceTree = "<group>"; };
		947EC4F61A6C115E000354F3 /* ViewController.m */ = {isa = PBXFileReference; lastKnownFileType = sourcecode.c.objc; path = ViewController.m; sourceTree = "<group>"; };
		947EC4F91A6C115E000354F3 /* Base */ = {isa = PBXFileReference; lastKnownFileType = file.storyboard; name = Base; path = Base.lproj/Main.storyboard; sourceTree = "<group>"; };
		947EC4FB1A6C115E000354F3 /* Images.xcassets */ = {isa = PBXFileReference; lastKnownFileType = folder.assetcatalog; path = Images.xcassets; sourceTree = "<group>"; };
		947EC4FE1A6C115E000354F3 /* Base */ = {isa = PBXFileReference; lastKnownFileType = file.xib; name = Base; path = Base.lproj/LaunchScreen.xib; sourceTree = "<group>"; };
		947EC5041A6C115E000354F3 /* QuizTests.xctest */ = {isa = PBXFileReference; explicitFileType = wrapper.cfbundle; includeInIndex = 0; path = QuizTests.xctest; sourceTree = BUILT_PRODUCTS_DIR; };
		947EC5091A6C115E000354F3 /* Info.plist */ = {isa = PBXFileReference; lastKnownFileType = text.plist.xml; path = Info.plist; sourceTree = "<group>"; };
		947EC50A1A6C115E000354F3 /* QuizTests.m */ = {isa = PBXFileReference; lastKnownFileType = sourcecode.c.objc; path = QuizTests.m; sourceTree = "<group>"; };
		947EC5141A6C115E000354F3 /* BNRViewController.h */ = {isa = PBXFileReference; fileEncoding = 4; lastKnownFileType = sourcecode.c.h; path = BNRViewController.h; sourceTree = "<group>"; };
		947EC5151A6C115E000354F3 /* BNRViewController.m */ = {isa = PBXFileReference; fileEncoding = 4; lastKnownFileType = sourcecode.c.objc; path = BNRViewController.m; sourceTree = "<group>"; };
		947EC5161A6C115E000354F3 /* BNRViewController.xib */ = {isa = PBXFileReference; fileEncoding = 4; lastKnownFileType = file.xib; path = BNRViewController.xib; sourceTree = "<group>"; };
/* End PBXFileReference section */

/* Begin PBXFrameworksBuildPhase section */
		947EC4E81A6C115E000354F3 /* Frameworks */ = {
			isa = PBXFrameworksBuildPhase;
			buildActionMask = 2147483647;
			files = (
			);
			runOnlyForDeploymentPostprocessing = 0;
		};
		947EC5011A6C115E000354F3 /* Frameworks */ = {
			isa = PBXFrameworksBuildPhase;
			buildActionMask = 2147483647;
			files = (
			);
			runOnlyForDeploymentPostprocessing = 0;
		};
/* End PBXFrameworksBuildPhase section */

/* Begin PBXGroup section */
		947EC4E21A6C115E000354F3 = {
			isa = PBXGroup;
			children = (
				947EC4ED1A6C115E000354F3 /* Quiz */,
				947EC5071A6C115E000354F3 /* QuizTests */,
				947EC4EC1A6C115E000354F3 /* Products */,
			);
			sourceTree = "<group>";
		};
		947EC4EC1A6C115E000354F3 /* Products */ = {
			isa = PBXGroup;
			children = (
				947EC4EB1A6C115E000354F3 /* Quiz.app */,
				947EC5041A6C115E000354F3 /* QuizTests.xctest */,
			);
			name = Products;
			sourceTree = "<group>";
		};
		947EC4ED1A6C115E000354F3 /* Quiz */ = {
			isa = PBXGroup;
			children = (
				947EC4F21A6C115E000354F3 /* AppDelegate.h */,
				947EC4F31A6C115E000354F3 /* AppDelegate.m */,
				947EC5141A6C115E000354F3 /* BNRViewController.h */,
				947EC5151A6C115E000354F3 /* BNRViewController.m */,
				947EC5161A6C115E000354F3 /* BNRViewController.xib */,
				947EC4F51A6C115E000354F3 /* ViewController.h */,
				947EC4F61A6C115E000354F3 /* ViewController.m */,
				947EC4F81A6C115E000354F3 /* Main.storyboard */,
				947EC4FB1A6C115E000354F3 /* Images.xcassets */,
				947EC4FD1A6C115E000354F3 /* LaunchScreen.xib */,
				947EC4EE1A6C115E000354F3 /* Supporting Files */,
			);
			path = Quiz;
			sourceTree = "<group>";
		};
		947EC4EE1A6C115E000354F3 /* Supporting Files */ = {
			isa = PBXGroup;
			children = (
				947EC4EF1A6C115E000354F3 /* Info.plist */,
				947EC4F01A6C115E000354F3 /* main.m */,
			);
			name = "Supporting Files";
			sourceTree = "<group>";
		};
		947EC5071A6C115E000354F3 /* QuizTests */ = {
			isa = PBXGroup;
			children = (
				947EC50A1A6C115E000354F3 /* QuizTests.m */,
				947EC5081A6C115E000354F3 /* Supporting Files */,
			);
			path = QuizTests;
			sourceTree = "<group>";
		};
		947EC5081A6C115E000354F3 /* Supporting Files */ = {
			isa = PBXGroup;
			children = (
				947EC5091A6C115E000354F3 /* Info.plist */,
			);
			name = "Supporting Files";
			sourceTree = "<group>";
		};
/* End PBXGroup section */

/* Begin PBXNativeTarget section */
		947EC4EA1A6C115E000354F3 /* Quiz */ = {
			isa = PBXNativeTarget;
			buildConfigurationList = 947EC50E1A6C115E000354F3 /* Build configuration list for PBXNativeTarget "Quiz" */;
			buildPhases = (
				947EC4E71A6C115E000354F3 /* Sources */,
				947EC4E81A6C115E000354F3 /* Frameworks */,
				947EC4E91A6C115E000354F3 /* Resources */,
			);
			buildRules = (
			);
			dependencies = (
			);
			name = Quiz;
			productName = Quiz;
			productReference = 947EC4EB1A6C115E000354F3 /* Quiz.app */;
			productType = "com.apple.product-type.application";
		};
		947EC5031A6C115E000354F3 /* QuizTests */ = {
			isa = PBXNativeTarget;
			buildConfigurationList = 947EC5111A6C115E000354F3 /* Build configuration list for PBXNativeTarget "QuizTests" */;
			buildPhases = (
				947EC5001A6C115E000354F3 /* Sources */,
				947EC5011A6C115E000354F3 /* Frameworks */,
				947EC5021A6C115E000354F3 /* Resources */,
			);
			buildRules = (
			);
			dependencies = (
				947EC5061A6C115E000354F3 /* PBXTargetDependency */,
			);
			name = QuizTests;
			productName = QuizTests;
			productReference = 947EC5041A6C115E000354F3 /* QuizTests.xctest */;
			productType = "com.apple.product-type.bundle.unit-test";
		};
/* End PBXNativeTarget section */

/* Begin PBXProject section */
		947EC4E31A6C115E000354F3 /* Project object */ = {
			isa = PBXProject;
			attributes = {
				LastUpgradeCheck = 0610;
				ORGANIZATIONNAME = "Ryan D'souza";
				TargetAttributes = {
					947EC4EA1A6C115E000354F3 = {
						CreatedOnToolsVersion = 6.1.1;
					};
					947EC5031A6C115E000354F3 = {
						CreatedOnToolsVersion = 6.1.1;
						TestTargetID = 947EC4EA1A6C115E000354F3;
					};
				};
			};
			buildConfigurationList = 947EC4E61A6C115E000354F3 /* Build configuration list for PBXProject "Quiz" */;
			compatibilityVersion = "Xcode 3.2";
			developmentRegion = English;
			hasScannedForEncodings = 0;
			knownRegions = (
				en,
				Base,
			);
			mainGroup = 947EC4E21A6C115E000354F3;
			productRefGroup = 947EC4EC1A6C115E000354F3 /* Products */;
			projectDirPath = "";
			projectRoot = "";
			targets = (
				947EC4EA1A6C115E000354F3 /* Quiz */,
				947EC5031A6C115E000354F3 /* QuizTests */,
			);
		};
/* End PBXProject section */

/* Begin PBXResourcesBuildPhase section */
		947EC4E91A6C115E000354F3 /* Resources */ = {
			isa = PBXResourcesBuildPhase;
			buildActionMask = 2147483647;
			files = (
				947EC4FA1A6C115E000354F3 /* Main.storyboard in Resources */,
				947EC4FF1A6C115E000354F3 /* LaunchScreen.xib in Resources */,
				947EC4FC1A6C115E000354F3 /* Images.xcassets in Resources */,
				947EC5181A6C115E000354F3 /* BNRViewController.xib in Resources */,
			);
			runOnlyForDeploymentPostprocessing = 0;
		};
		947EC5021A6C115E000354F3 /* Resources */ = {
			isa = PBXResourcesBuildPhase;
			buildActionMask = 2147483647;
			files = (
			);
			runOnlyForDeploymentPostprocessing = 0;
		};
/* End PBXResourcesBuildPhase section */

/* Begin PBXSourcesBuildPhase section */
		947EC4E71A6C115E000354F3 /* Sources */ = {
			isa = PBXSourcesBuildPhase;
			buildActionMask = 2147483647;
			files = (
				947EC4F71A6C115E000354F3 /* ViewController.m in Sources */,
				947EC4F41A6C115E000354F3 /* AppDelegate.m in Sources */,
				947EC4F11A6C115E000354F3 /* main.m in Sources */,
				947EC5171A6C115E000354F3 /* BNRViewController.m in Sources */,
			);
			runOnlyForDeploymentPostprocessing = 0;
		};
		947EC5001A6C115E000354F3 /* Sources */ = {
			isa = PBXSourcesBuildPhase;
			buildActionMask = 2147483647;
			files = (
				947EC50B1A6C115E000354F3 /* QuizTests.m in Sources */,
			);
			runOnlyForDeploymentPostprocessing = 0;
		};
/* End PBXSourcesBuildPhase section */

/* Begin PBXTargetDependency section */
		947EC5061A6C115E000354F3 /* PBXTargetDependency */ = {
			isa = PBXTargetDependency;
			target = 947EC4EA1A6C115E000354F3 /* Quiz */;
			targetProxy = 947EC5051A6C115E000354F3 /* PBXContainerItemProxy */;
		};
/* End PBXTargetDependency section */

/* Begin PBXVariantGroup section */
		947EC4F81A6C115E000354F3 /* Main.storyboard */ = {
			isa = PBXVariantGroup;
			children = (
				947EC4F91A6C115E000354F3 /* Base */,
			);
			name = Main.storyboard;
			sourceTree = "<group>";
		};
		947EC4FD1A6C115E000354F3 /* LaunchScreen.xib */ = {
			isa = PBXVariantGroup;
			children = (
				947EC4FE1A6C115E000354F3 /* Base */,
			);
			name = LaunchScreen.xib;
			sourceTree = "<group>";
		};
/* End PBXVariantGroup section */

/* Begin XCBuildConfiguration section */
		947EC50C1A6C115E000354F3 /* Debug */ = {
			isa = XCBuildConfiguration;
			buildSettings = {
				ALWAYS_SEARCH_USER_PATHS = NO;
				CLANG_CXX_LANGUAGE_STANDARD = "gnu++0x";
				CLANG_CXX_LIBRARY = "libc++";
				CLANG_ENABLE_MODULES = YES;
				CLANG_ENABLE_OBJC_ARC = YES;
				CLANG_WARN_BOOL_CONVERSION = YES;
				CLANG_WARN_CONSTANT_CONVERSION = YES;
				CLANG_WARN_DIRECT_OBJC_ISA_USAGE = YES_ERROR;
				CLANG_WARN_EMPTY_BODY = YES;
				CLANG_WARN_ENUM_CONVERSION = YES;
				CLANG_WARN_INT_CONVERSION = YES;
				CLANG_WARN_OBJC_ROOT_CLASS = YES_ERROR;
				CLANG_WARN_UNREACHABLE_CODE = YES;
				CLANG_WARN__DUPLICATE_METHOD_MATCH = YES;
				"CODE_SIGN_IDENTITY[sdk=iphoneos*]" = "iPhone Developer";
				COPY_PHASE_STRIP = NO;
				ENABLE_STRICT_OBJC_MSGSEND = YES;
				GCC_C_LANGUAGE_STANDARD = gnu99;
				GCC_DYNAMIC_NO_PIC = NO;
				GCC_OPTIMIZATION_LEVEL = 0;
				GCC_PREPROCESSOR_DEFINITIONS = (
					"DEBUG=1",
					"$(inherited)",
				);
				GCC_SYMBOLS_PRIVATE_EXTERN = NO;
				GCC_WARN_64_TO_32_BIT_CONVERSION = YES;
				GCC_WARN_ABOUT_RETURN_TYPE = YES_ERROR;
				GCC_WARN_UNDECLARED_SELECTOR = YES;
				GCC_WARN_UNINITIALIZED_AUTOS = YES_AGGRESSIVE;
				GCC_WARN_UNUSED_FUNCTION = YES;
				GCC_WARN_UNUSED_VARIABLE = YES;
				IPHONEOS_DEPLOYMENT_TARGET = 8.1;
				MTL_ENABLE_DEBUG_INFO = YES;
				ONLY_ACTIVE_ARCH = YES;
				SDKROOT = iphoneos;
			};
			name = Debug;
		};
		947EC50D1A6C115E000354F3 /* Release */ = {
			isa = XCBuildConfiguration;
			buildSettings = {
				ALWAYS_SEARCH_USER_PATHS = NO;
				CLANG_CXX_LANGUAGE_STANDARD = "gnu++0x";
				CLANG_CXX_LIBRARY = "libc++";
				CLANG_ENABLE_MODULES = YES;
				CLANG_ENABLE_OBJC_ARC = YES;
				CLANG_WARN_BOOL_CONVERSION = YES;
				CLANG_WARN_CONSTANT_CONVERSION = YES;
				CLANG_WARN_DIRECT_OBJC_ISA_USAGE = YES_ERROR;
				CLANG_WARN_EMPTY_BODY = YES;
				CLANG_WARN_ENUM_CONVERSION = YES;
				CLANG_WARN_INT_CONVERSION = YES;
				CLANG_WARN_OBJC_ROOT_CLASS = YES_ERROR;
				CLANG_WARN_UNREACHABLE_CODE = YES;
				CLANG_WARN__DUPLICATE_METHOD_MATCH = YES;
				"CODE_SIGN_IDENTITY[sdk=iphoneos*]" = "iPhone Developer";
				COPY_PHASE_STRIP = YES;
				ENABLE_NS_ASSERTIONS = NO;
				ENABLE_STRICT_OBJC_MSGSEND = YES;
				GCC_C_LANGUAGE_STANDARD = gnu99;
				GCC_WARN_64_TO_32_BIT_CONVERSION = YES;
				GCC_WARN_ABOUT_RETURN_TYPE = YES_ERROR;
				GCC_WARN_UNDECLARED_SELECTOR = YES;
				GCC_WARN_UNINITIALIZED_AUTOS = YES_AGGRESSIVE;
				GCC_WARN_UNUSED_FUNCTION = YES;
				GCC_WARN_UNUSED_VARIABLE = YES;
				IPHONEOS_DEPLOYMENT_TARGET = 8.1;
				MTL_ENABLE_DEBUG_INFO = NO;
				SDKROOT = iphoneos;
				VALIDATE_PRODUCT = YES;
			};
			name = Release;
		};
		947EC50F1A6C115E000354F3 /* Debug */ = {
			isa = XCBuildConfiguration;
			buildSettings = {
				ASSETCATALOG_COMPILER_APPICON_NAME = AppIcon;
				INFOPLIST_FILE = Quiz/Info.plist;
				LD_RUNPATH_SEARCH_PATHS = "$(inherited) @executable_path/Frameworks";
				PRODUCT_NAME = "$(TARGET_NAME)";
			};
			name = Debug;
		};
		947EC5101A6C115E000354F3 /* Release */ = {
			isa = XCBuildConfiguration;
			buildSettings = {
				ASSETCATALOG_COMPILER_APPICON_NAME = AppIcon;
				INFOPLIST_FILE = Quiz/Info.plist;
				LD_RUNPATH_SEARCH_PATHS = "$(inherited) @executable_path/Frameworks";
				PRODUCT_NAME = "$(TARGET_NAME)";
			};
			name = Release;
		};
		947EC5121A6C115E000354F3 /* Debug */ = {
			isa = XCBuildConfiguration;
			buildSettings = {
				BUNDLE_LOADER = "$(TEST_HOST)";
				FRAMEWORK_SEARCH_PATHS = (
					"$(SDKROOT)/Developer/Library/Frameworks",
					"$(inherited)",
				);
				GCC_PREPROCESSOR_DEFINITIONS = (
					"DEBUG=1",
					"$(inherited)",
				);
				INFOPLIST_FILE = QuizTests/Info.plist;
				LD_RUNPATH_SEARCH_PATHS = "$(inherited) @executable_path/Frameworks @loader_path/Frameworks";
				PRODUCT_NAME = "$(TARGET_NAME)";
				TEST_HOST = "$(BUILT_PRODUCTS_DIR)/Quiz.app/Quiz";
			};
			name = Debug;
		};
		947EC5131A6C115E000354F3 /* Release */ = {
			isa = XCBuildConfiguration;
			buildSettings = {
				BUNDLE_LOADER = "$(TEST_HOST)";
				FRAMEWORK_SEARCH_PATHS = (
					"$(SDKROOT)/Developer/Library/Frameworks",
					"$(inherited)",
				);
				INFOPLIST_FILE = QuizTests/Info.plist;
				LD_RUNPATH_SEARCH_PATHS = "$(inherited) @executable_path/Frameworks @loader_path/Frameworks";
				PRODUCT_NAME = "$(TARGET_NAME)";
				TEST_HOST = "$(BUILT_PRODUCTS_DIR)/Quiz.app/Quiz";
			};
			name = Release;
		};
/* End XCBuildConfiguration section */

/* Begin XCConfigurationList section */
		947EC4E61A6C115E000354F3 /* Build configuration list for PBXProject "Quiz" */ = {
			isa = XCConfigurationList;
			buildConfigurations = (
				947EC50C1A6C115E000354F3 /* Debug */,
				947EC50D1A6C115E000354F3 /* Release */,
			);
			defaultConfigurationIsVisible = 0;
			defaultConfigurationName = Release;
		};
		947EC50E1A6C115E000354F3 /* Build configuration list for PBXNativeTarget "Quiz" */ = {
			isa = XCConfigurationList;
			buildConfigurations = (
				947EC50F1A6C115E000354F3 /* Debug */,
				947EC5101A6C115E000354F3 /* Release */,
			);
			defaultConfigurationIsVisible = 0;
		};
		947EC5111A6C115E000354F3 /* Build configuration list for PBXNativeTarget "QuizTests" */ = {
			isa = XCConfigurationList;
			buildConfigurations = (
				947EC5121A6C115E000354F3 /* Debug */,
				947EC5131A6C115E000354F3 /* Release */,
			);
			defaultConfigurationIsVisible = 0;
		};
/* End XCConfigurationList section */
	};
	rootObject = 947EC4E31A6C115E000354F3 /* Project object */;
}
